// !$*UTF8*$!
{
	archiveVersion = 1;
	classes = {
	};
	objectVersion = 50;
	objects = {

/* Begin PBXBuildFile section */
		828D9F45242BAFBF002A3424 /* AppDelegate.swift in Sources */ = {isa = PBXBuildFile; fileRef = 828D9F44242BAFBF002A3424 /* AppDelegate.swift */; };
		828D9F49242BAFBF002A3424 /* ShakeVC.swift in Sources */ = {isa = PBXBuildFile; fileRef = 828D9F48242BAFBF002A3424 /* ShakeVC.swift */; };
		828D9F4C242BAFBF002A3424 /* Main.storyboard in Resources */ = {isa = PBXBuildFile; fileRef = 828D9F4A242BAFBF002A3424 /* Main.storyboard */; };
		828D9F4E242BAFC2002A3424 /* Assets.xcassets in Resources */ = {isa = PBXBuildFile; fileRef = 828D9F4D242BAFC2002A3424 /* Assets.xcassets */; };
		828D9F51242BAFC2002A3424 /* LaunchScreen.storyboard in Resources */ = {isa = PBXBuildFile; fileRef = 828D9F4F242BAFC2002A3424 /* LaunchScreen.storyboard */; };
/* End PBXBuildFile section */

/* Begin PBXFileReference section */
		828D9F41242BAFBF002A3424 /* KEShakeShowView.app */ = {isa = PBXFileReference; explicitFileType = wrapper.application; includeInIndex = 0; path = KEShakeShowView.app; sourceTree = BUILT_PRODUCTS_DIR; };
		828D9F44242BAFBF002A3424 /* AppDelegate.swift */ = {isa = PBXFileReference; lastKnownFileType = sourcecode.swift; path = AppDelegate.swift; sourceTree = "<group>"; };
		828D9F48242BAFBF002A3424 /* ShakeVC.swift */ = {isa = PBXFileReference; lastKnownFileType = sourcecode.swift; path = ShakeVC.swift; sourceTree = "<group>"; };
		828D9F4B242BAFBF002A3424 /* Base */ = {isa = PBXFileReference; lastKnownFileType = file.storyboard; name = Base; path = Base.lproj/Main.storyboard; sourceTree = "<group>"; };
		828D9F4D242BAFC2002A3424 /* Assets.xcassets */ = {isa = PBXFileReference; lastKnownFileType = folder.assetcatalog; path = Assets.xcassets; sourceTree = "<group>"; };
		828D9F50242BAFC2002A3424 /* Base */ = {isa = PBXFileReference; lastKnownFileType = file.storyboard; name = Base; path = Base.lproj/LaunchScreen.storyboard; sourceTree = "<group>"; };
		828D9F52242BAFC2002A3424 /* Info.plist */ = {isa = PBXFileReference; lastKnownFileType = text.plist.xml; path = Info.plist; sourceTree = "<group>"; };
/* End PBXFileReference section */

/* Begin PBXFrameworksBuildPhase section */
		828D9F3E242BAFBF002A3424 /* Frameworks */ = {
			isa = PBXFrameworksBuildPhase;
			buildActionMask = 2147483647;
			files = (
			);
			runOnlyForDeploymentPostprocessing = 0;
		};
/* End PBXFrameworksBuildPhase section */

/* Begin PBXGroup section */
		828D9F38242BAFBF002A3424 = {
			isa = PBXGroup;
			children = (
				828D9F43242BAFBF002A3424 /* KEShakeShowView */,
				828D9F42242BAFBF002A3424 /* Products */,
			);
			sourceTree = "<group>";
		};
		828D9F42242BAFBF002A3424 /* Products */ = {
			isa = PBXGroup;
			children = (
				828D9F41242BAFBF002A3424 /* KEShakeShowView.app */,
			);
			name = Products;
			sourceTree = "<group>";
		};
		828D9F43242BAFBF002A3424 /* KEShakeShowView */ = {
			isa = PBXGroup;
			children = (
				828D9F44242BAFBF002A3424 /* AppDelegate.swift */,
				828D9F48242BAFBF002A3424 /* ShakeVC.swift */,
				828D9F4A242BAFBF002A3424 /* Main.storyboard */,
				828D9F4D242BAFC2002A3424 /* Assets.xcassets */,
				828D9F4F242BAFC2002A3424 /* LaunchScreen.storyboard */,
				828D9F52242BAFC2002A3424 /* Info.plist */,
			);
			path = KEShakeShowView;
			sourceTree = "<group>";
		};
/* End PBXGroup section */

/* Begin PBXNativeTarget section */
		828D9F40242BAFBF002A3424 /* KEShakeShowView */ = {
			isa = PBXNativeTarget;
			buildConfigurationList = 828D9F55242BAFC2002A3424 /* Build configuration list for PBXNativeTarget "KEShakeShowView" */;
			buildPhases = (
				828D9F3D242BAFBF002A3424 /* Sources */,
				828D9F3E242BAFBF002A3424 /* Frameworks */,
				828D9F3F242BAFBF002A3424 /* Resources */,
			);
			buildRules = (
			);
			dependencies = (
			);
			name = KEShakeShowView;
			productName = KEShakeShowView;
			productReference = 828D9F41242BAFBF002A3424 /* KEShakeShowView.app */;
			productType = "com.apple.product-type.application";
		};
/* End PBXNativeTarget section */

/* Begin PBXProject section */
		828D9F39242BAFBF002A3424 /* Project object */ = {
			isa = PBXProject;
			attributes = {
				LastSwiftUpdateCheck = 1130;
				LastUpgradeCheck = 1130;
				ORGANIZATIONNAME = "Kaan Esin";
				TargetAttributes = {
					828D9F40242BAFBF002A3424 = {
						CreatedOnToolsVersion = 11.3;
					};
				};
			};
			buildConfigurationList = 828D9F3C242BAFBF002A3424 /* Build configuration list for PBXProject "KEShakeShowView" */;
			compatibilityVersion = "Xcode 9.3";
			developmentRegion = en;
			hasScannedForEncodings = 0;
			knownRegions = (
				en,
				Base,
			);
			mainGroup = 828D9F38242BAFBF002A3424;
			productRefGroup = 828D9F42242BAFBF002A3424 /* Products */;
			projectDirPath = "";
			projectRoot = "";
			targets = (
				828D9F40242BAFBF002A3424 /* KEShakeShowView */,
			);
		};
/* End PBXProject section */

/* Begin PBXResourcesBuildPhase section */
		828D9F3F242BAFBF002A3424 /* Resources */ = {
			isa = PBXResourcesBuildPhase;
			buildActionMask = 2147483647;
			files = (
				828D9F51242BAFC2002A3424 /* LaunchScreen.storyboard in Resources */,
				828D9F4E242BAFC2002A3424 /* Assets.xcassets in Resources */,
				828D9F4C242BAFBF002A3424 /* Main.storyboard in Resources */,
			);
			runOnlyForDeploymentPostprocessing = 0;
		};
/* End PBXResourcesBuildPhase section */

/* Begin PBXSourcesBuildPhase section */
		828D9F3D242BAFBF002A3424 /* Sources */ = {
			isa = PBXSourcesBuildPhase;
			buildActionMask = 2147483647;
			files = (
				828D9F49242BAFBF002A3424 /* ShakeVC.swift in Sources */,
				828D9F45242BAFBF002A3424 /* AppDelegate.swift in Sources */,
			);
			runOnlyForDeploymentPostprocessing = 0;
		};
/* End PBXSourcesBuildPhase section */

/* Begin PBXVariantGroup section */
		828D9F4A242BAFBF002A3424 /* Main.storyboard */ = {
			isa = PBXVariantGroup;
			children = (
				828D9F4B242BAFBF002A3424 /* Base */,
			);
			name = Main.storyboard;
			sourceTree = "<group>";
		};
		828D9F4F242BAFC2002A3424 /* LaunchScreen.storyboard */ = {
			isa = PBXVariantGroup;
			children = (
				828D9F50242BAFC2002A3424 /* Base */,
			);
			name = LaunchScreen.storyboard;
			sourceTree = "<group>";
		};
/* End PBXVariantGroup section */

/* Begin XCBuildConfiguration section */
		828D9F53242BAFC2002A3424 /* Debug */ = {
			isa = XCBuildConfiguration;
			buildSettings = {
				ALWAYS_SEARCH_USER_PATHS = NO;
				CLANG_ANALYZER_NONNULL = YES;
				CLANG_ANALYZER_NUMBER_OBJECT_CONVERSION = YES_AGGRESSIVE;
				CLANG_CXX_LANGUAGE_STANDARD = "gnu++14";
				CLANG_CXX_LIBRARY = "libc++";
				CLANG_ENABLE_MODULES = YES;
				CLANG_ENABLE_OBJC_ARC = YES;
				CLANG_ENABLE_OBJC_WEAK = YES;
				CLANG_WARN_BLOCK_CAPTURE_AUTORELEASING = YES;
				CLANG_WARN_BOOL_CONVERSION = YES;
				CLANG_WARN_COMMA = YES;
				CLANG_WARN_CONSTANT_CONVERSION = YES;
				CLANG_WARN_DEPRECATED_OBJC_IMPLEMENTATIONS = YES;
				CLANG_WARN_DIRECT_OBJC_ISA_USAGE = YES_ERROR;
				CLANG_WARN_DOCUMENTATION_COMMENTS = YES;
				CLANG_WARN_EMPTY_BODY = YES;
				CLANG_WARN_ENUM_CONVERSION = YES;
				CLANG_WARN_INFINITE_RECURSION = YES;
				CLANG_WARN_INT_CONVERSION = YES;
				CLANG_WARN_NON_LITERAL_NULL_CONVERSION = YES;
				CLANG_WARN_OBJC_IMPLICIT_RETAIN_SELF = YES;
				CLANG_WARN_OBJC_LITERAL_CONVERSION = YES;
				CLANG_WARN_OBJC_ROOT_CLASS = YES_ERROR;
				CLANG_WARN_RANGE_LOOP_ANALYSIS = YES;
				CLANG_WARN_STRICT_PROTOTYPES = YES;
				CLANG_WARN_SUSPICIOUS_MOVE = YES;
				CLANG_WARN_UNGUARDED_AVAILABILITY = YES_AGGRESSIVE;
				CLANG_WARN_UNREACHABLE_CODE = YES;
				CLANG_WARN__DUPLICATE_METHOD_MATCH = YES;
				COPY_PHASE_STRIP = NO;
				DEBUG_INFORMATION_FORMAT = dwarf;
				ENABLE_STRICT_OBJC_MSGSEND = YES;
				ENABLE_TESTABILITY = YES;
				GCC_C_LANGUAGE_STANDARD = gnu11;
				GCC_DYNAMIC_NO_PIC = NO;
				GCC_NO_COMMON_BLOCKS = YES;
				GCC_OPTIMIZATION_LEVEL = 0;
				GCC_PREPROCESSOR_DEFINITIONS = (
					"DEBUG=1",
					"$(inherited)",
				);
				GCC_WARN_64_TO_32_BIT_CONVERSION = YES;
				GCC_WARN_ABOUT_RETURN_TYPE = YES_ERROR;
				GCC_WARN_UNDECLARED_SELECTOR = YES;
				GCC_WARN_UNINITIALIZED_AUTOS = YES_AGGRESSIVE;
				GCC_WARN_UNUSED_FUNCTION = YES;
				GCC_WARN_UNUSED_VARIABLE = YES;
				IPHONEOS_DEPLOYMENT_TARGET = 11.0;
				MTL_ENABLE_DEBUG_INFO = INCLUDE_SOURCE;
				MTL_FAST_MATH = YES;
				ONLY_ACTIVE_ARCH = YES;
				SDKROOT = iphoneos;
				SWIFT_ACTIVE_COMPILATION_CONDITIONS = DEBUG;
				SWIFT_OPTIMIZATION_LEVEL = "-Onone";
			};
			name = Debug;
		};
		828D9F54242BAFC2002A3424 /* Release */ = {
			isa = XCBuildConfiguration;
			buildSettings = {
				ALWAYS_SEARCH_USER_PATHS = NO;
				CLANG_ANALYZER_NONNULL = YES;
				CLANG_ANALYZER_NUMBER_OBJECT_CONVERSION = YES_AGGRESSIVE;
				CLANG_CXX_LANGUAGE_STANDARD = "gnu++14";
				CLANG_CXX_LIBRARY = "libc++";
				CLANG_ENABLE_MODULES = YES;
				CLANG_ENABLE_OBJC_ARC = YES;
				CLANG_ENABLE_OBJC_WEAK = YES;
				CLANG_WARN_BLOCK_CAPTURE_AUTORELEASING = YES;
				CLANG_WARN_BOOL_CONVERSION = YES;
				CLANG_WARN_COMMA = YES;
				CLANG_WARN_CONSTANT_CONVERSION = YES;
				CLANG_WARN_DEPRECATED_OBJC_IMPLEMENTATIONS = YES;
				CLANG_WARN_DIRECT_OBJC_ISA_USAGE = YES_ERROR;
				CLANG_WARN_DOCUMENTATION_COMMENTS = YES;
				CLANG_WARN_EMPTY_BODY = YES;
				CLANG_WARN_ENUM_CONVERSION = YES;
				CLANG_WARN_INFINITE_RECURSION = YES;
				CLANG_WARN_INT_CONVERSION = YES;
				CLANG_WARN_NON_LITERAL_NULL_CONVERSION = YES;
				CLANG_WARN_OBJC_IMPLICIT_RETAIN_SELF = YES;
				CLANG_WARN_OBJC_LITERAL_CONVERSION = YES;
				CLANG_WARN_OBJC_ROOT_CLASS = YES_ERROR;
				CLANG_WARN_RANGE_LOOP_ANALYSIS = YES;
				CLANG_WARN_STRICT_PROTOTYPES = YES;
				CLANG_WARN_SUSPICIOUS_MOVE = YES;
				CLANG_WARN_UNGUARDED_AVAILABILITY = YES_AGGRESSIVE;
				CLANG_WARN_UNREACHABLE_CODE = YES;
				CLANG_WARN__DUPLICATE_METHOD_MATCH = YES;
				COPY_PHASE_STRIP = NO;
				DEBUG_INFORMATION_FORMAT = "dwarf-with-dsym";
				ENABLE_NS_ASSERTIONS = NO;
				ENABLE_STRICT_OBJC_MSGSEND = YES;
				GCC_C_LANGUAGE_STANDARD = gnu11;
				GCC_NO_COMMON_BLOCKS = YES;
				GCC_WARN_64_TO_32_BIT_CONVERSION = YES;
				GCC_WARN_ABOUT_RETURN_TYPE = YES_ERROR;
				GCC_WARN_UNDECLARED_SELECTOR = YES;
				GCC_WARN_UNINITIALIZED_AUTOS = YES_AGGRESSIVE;
				GCC_WARN_UNUSED_FUNCTION = YES;
				GCC_WARN_UNUSED_VARIABLE = YES;
				IPHONEOS_DEPLOYMENT_TARGET = 11.0;
				MTL_ENABLE_DEBUG_INFO = NO;
				MTL_FAST_MATH = YES;
				SDKROOT = iphoneos;
				SWIFT_COMPILATION_MODE = wholemodule;
				SWIFT_OPTIMIZATION_LEVEL = "-O";
				VALIDATE_PRODUCT = YES;
			};
			name = Release;
		};
		828D9F56242BAFC2002A3424 /* Debug */ = {
			isa = XCBuildConfiguration;
			buildSettings = {
				ASSETCATALOG_COMPILER_APPICON_NAME = AppIcon;
				CODE_SIGN_STYLE = Automatic;
				INFOPLIST_FILE = KEShakeShowView/Info.plist;
				IPHONEOS_DEPLOYMENT_TARGET = 11.0;
				LD_RUNPATH_SEARCH_PATHS = (
					"$(inherited)",
					"@executable_path/Frameworks",
				);
				PRODUCT_BUNDLE_IDENTIFIER = com.kaanesin.KEShakeShowView;
				PRODUCT_NAME = "$(TARGET_NAME)";
				SWIFT_VERSION = 5.0;
				TARGETED_DEVICE_FAMILY = "1,2";
			};
			name = Debug;
		};
		828D9F57242BAFC2002A3424 /* Release */ = {
			isa = XCBuildConfiguration;
			buildSettings = {
				ASSETCATALOG_COMPILER_APPICON_NAME = AppIcon;
				CODE_SIGN_STYLE = Automatic;
				INFOPLIST_FILE = KEShakeShowView/Info.plist;
				IPHONEOS_DEPLOYMENT_TARGET = 11.0;
				LD_RUNPATH_SEARCH_PATHS = (
					"$(inherited)",
					"@executable_path/Frameworks",
				);
				PRODUCT_BUNDLE_IDENTIFIER = com.kaanesin.KEShakeShowView;
				PRODUCT_NAME = "$(TARGET_NAME)";
				SWIFT_VERSION = 5.0;
				TARGETED_DEVICE_FAMILY = "1,2";
			};
			name = Release;
		};
/* End XCBuildConfiguration section */

/* Begin XCConfigurationList section */
		828D9F3C242BAFBF002A3424 /* Build configuration list for PBXProject "KEShakeShowView" */ = {
			isa = XCConfigurationList;
			buildConfigurations = (
				828D9F53242BAFC2002A3424 /* Debug */,
				828D9F54242BAFC2002A3424 /* Release */,
			);
			defaultConfigurationIsVisible = 0;
			defaultConfigurationName = Release;
		};
		828D9F55242BAFC2002A3424 /* Build configuration list for PBXNativeTarget "KEShakeShowView" */ = {
			isa = XCConfigurationList;
			buildConfigurations = (
				828D9F56242BAFC2002A3424 /* Debug */,
				828D9F57242BAFC2002A3424 /* Release */,
			);
			defaultConfigurationIsVisible = 0;
			defaultConfigurationName = Release;
		};
/* End XCConfigurationList section */
	};
	rootObject = 828D9F39242BAFBF002A3424 /* Project object */;
}
